
Microsoft Visual Studio Solution File, Format Version 12.00
# Visual Studio 15
VisualStudioVersion = 15.0.27428.2027
MinimumVisualStudioVersion = 10.0.40219.1
Project("{FAE04EC0-301F-11D3-BF4B-00C04F79EFBC}") = "My Audible", "My Audible\My Audible.csproj", "{8710BB9A-9148-4E05-BCEA-EA83E2A6D59A}"
EndProject
Global
	GlobalSection(SolutionConfigurationPlatforms) = preSolution
		Debug|Any CPU = Debug|Any CPU
		Release|Any CPU = Release|Any CPU
	EndGlobalSection
	GlobalSection(ProjectConfigurationPlatforms) = postSolution
		{8710BB9A-9148-4E05-BCEA-EA83E2A6D59A}.Debug|Any CPU.ActiveCfg = Debug|Any CPU
		{8710BB9A-9148-4E05-BCEA-EA83E2A6D59A}.Debug|Any CPU.Build.0 = Debug|Any CPU
		{8710BB9A-9148-4E05-BCEA-EA83E2A6D59A}.Release|Any CPU.ActiveCfg = Release|Any CPU
		{8710BB9A-9148-4E05-BCEA-EA83E2A6D59A}.Release|Any CPU.Build.0 = Release|Any CPU
	EndGlobalSection
	GlobalSection(SolutionProperties) = preSolution
		HideSolutionNode = FALSE
	EndGlobalSection
	GlobalSection(ExtensibilityGlobals) = postSolution
		SolutionGuid = {DD79109D-3609-4E2A-8827-C6852377A8C6}
	EndGlobalSection
EndGlobal
